
Microsoft Visual Studio Solution File, Format Version 12.00
# Visual Studio Version 17
VisualStudioVersion = 17.4.33403.182
MinimumVisualStudioVersion = 10.0.40219.1
Project("{FAE04EC0-301F-11D3-BF4B-00C04F79EFBC}") = "DataStructures_LinkedList", "DataStructures_LinkedList.csproj", "{6DE30727-3454-4DCD-9D93-76EDC92C85BE}"
EndProject
Global
	GlobalSection(SolutionConfigurationPlatforms) = preSolution
		Debug|Any CPU = Debug|Any CPU
		Release|Any CPU = Release|Any CPU
	EndGlobalSection
	GlobalSection(ProjectConfigurationPlatforms) = postSolution
		{6DE30727-3454-4DCD-9D93-76EDC92C85BE}.Debug|Any CPU.ActiveCfg = Debug|Any CPU
		{6DE30727-3454-4DCD-9D93-76EDC92C85BE}.Debug|Any CPU.Build.0 = Debug|Any CPU
		{6DE30727-3454-4DCD-9D93-76EDC92C85BE}.Release|Any CPU.ActiveCfg = Release|Any CPU
		{6DE30727-3454-4DCD-9D93-76EDC92C85BE}.Release|Any CPU.Build.0 = Release|Any CPU
	EndGlobalSection
	GlobalSection(SolutionProperties) = preSolution
		HideSolutionNode = FALSE
	EndGlobalSection
	GlobalSection(ExtensibilityGlobals) = postSolution
		SolutionGuid = {BE82B363-8CBB-4021-9408-90E397B1B917}
	EndGlobalSection
EndGlobal
